
Microsoft Visual Studio Solution File, Format Version 12.00
# Visual Studio Version 16
VisualStudioVersion = 16.0.31112.23
MinimumVisualStudioVersion = 10.0.40219.1
Project("{E24C65DC-7377-472B-9ABA-BC803B73C61A}") = "WCFServiceSOAP", "WCFServiceSOAP\", "{57CE1010-6A66-474C-9A07-CCE41D5AED97}"
	ProjectSection(WebsiteProperties) = preProject
		TargetFrameworkMoniker = ".NETFramework,Version%3Dv4.7.2"
		ProjectReferences = ""
		Debug.AspNetCompiler.VirtualPath = "/localhost_64176"
		Debug.AspNetCompiler.PhysicalPath = "WCFServiceSOAP\"
		Debug.AspNetCompiler.TargetPath = "PrecompiledWeb\localhost_64176\"
		Debug.AspNetCompiler.Updateable = "true"
		Debug.AspNetCompiler.ForceOverwrite = "true"
		Debug.AspNetCompiler.FixedNames = "false"
		Debug.AspNetCompiler.Debug = "True"
		Release.AspNetCompiler.VirtualPath = "/localhost_64176"
		Release.AspNetCompiler.PhysicalPath = "WCFServiceSOAP\"
		Release.AspNetCompiler.TargetPath = "PrecompiledWeb\localhost_64176\"
		Release.AspNetCompiler.Updateable = "true"
		Release.AspNetCompiler.ForceOverwrite = "true"
		Release.AspNetCompiler.FixedNames = "false"
		Release.AspNetCompiler.Debug = "False"
		VWDPort = "64176"
		SlnRelativePath = "WCFServiceSOAP\"
		DefaultWebSiteLanguage = "Visual C#"
	EndProjectSection
EndProject
Global
	GlobalSection(SolutionConfigurationPlatforms) = preSolution
		Debug|Any CPU = Debug|Any CPU
		Release|Any CPU = Release|Any CPU
	EndGlobalSection
	GlobalSection(ProjectConfigurationPlatforms) = postSolution
		{57CE1010-6A66-474C-9A07-CCE41D5AED97}.Debug|Any CPU.ActiveCfg = Debug|Any CPU
		{57CE1010-6A66-474C-9A07-CCE41D5AED97}.Debug|Any CPU.Build.0 = Debug|Any CPU
		{57CE1010-6A66-474C-9A07-CCE41D5AED97}.Release|Any CPU.ActiveCfg = Debug|Any CPU
		{57CE1010-6A66-474C-9A07-CCE41D5AED97}.Release|Any CPU.Build.0 = Debug|Any CPU
	EndGlobalSection
	GlobalSection(SolutionProperties) = preSolution
		HideSolutionNode = FALSE
	EndGlobalSection
	GlobalSection(ExtensibilityGlobals) = postSolution
		SolutionGuid = {A0E7A19B-6FDF-4E7A-B17D-3180B2933255}
	EndGlobalSection
EndGlobal
